// !$*UTF8*$!
{
	archiveVersion = 1;
	classes = {
	};
	objectVersion = 46;
	objects = {

/* Begin PBXBuildFile section */
		0CBE05141F75CA7700AD11D7 /* EasyCollections.h in CopyFiles */ = {isa = PBXBuildFile; fileRef = 0CBE05131F75CA7700AD11D7 /* EasyCollections.h */; };
		0CBE05161F75CA7700AD11D7 /* EasyCollections.m in Sources */ = {isa = PBXBuildFile; fileRef = 0CBE05151F75CA7700AD11D7 /* EasyCollections.m */; };
/* End PBXBuildFile section */

/* Begin PBXCopyFilesBuildPhase section */
		0CBE050E1F75CA7700AD11D7 /* CopyFiles */ = {
			isa = PBXCopyFilesBuildPhase;
			buildActionMask = 2147483647;
			dstPath = "include/$(PRODUCT_NAME)";
			dstSubfolderSpec = 16;
			files = (
				0CBE05141F75CA7700AD11D7 /* EasyCollections.h in CopyFiles */,
			);
			runOnlyForDeploymentPostprocessing = 0;
		};
/* End PBXCopyFilesBuildPhase section */

/* Begin PBXFileReference section */
		0CBE05101F75CA7700AD11D7 /* libEasyCollections.a */ = {isa = PBXFileReference; explicitFileType = archive.ar; includeInIndex = 0; path = libEasyCollections.a; sourceTree = BUILT_PRODUCTS_DIR; };
		0CBE05131F75CA7700AD11D7 /* EasyCollections.h */ = {isa = PBXFileReference; lastKnownFileType = sourcecode.c.h; path = EasyCollections.h; sourceTree = "<group>"; };
		0CBE05151F75CA7700AD11D7 /* EasyCollections.m */ = {isa = PBXFileReference; lastKnownFileType = sourcecode.c.objc; path = EasyCollections.m; sourceTree = "<group>"; };
/* End PBXFileReference section */

/* Begin PBXFrameworksBuildPhase section */
		0CBE050D1F75CA7700AD11D7 /* Frameworks */ = {
			isa = PBXFrameworksBuildPhase;
			buildActionMask = 2147483647;
			files = (
			);
			runOnlyForDeploymentPostprocessing = 0;
		};
/* End PBXFrameworksBuildPhase section */

/* Begin PBXGroup section */
		0CBE05071F75CA7700AD11D7 = {
			isa = PBXGroup;
			children = (
				0CBE05121F75CA7700AD11D7 /* EasyCollections */,
				0CBE05111F75CA7700AD11D7 /* Products */,
			);
			sourceTree = "<group>";
		};
		0CBE05111F75CA7700AD11D7 /* Products */ = {
			isa = PBXGroup;
			children = (
				0CBE05101F75CA7700AD11D7 /* libEasyCollections.a */,
			);
			name = Products;
			sourceTree = "<group>";
		};
		0CBE05121F75CA7700AD11D7 /* EasyCollections */ = {
			isa = PBXGroup;
			children = (
				0CBE05131F75CA7700AD11D7 /* EasyCollections.h */,
				0CBE05151F75CA7700AD11D7 /* EasyCollections.m */,
			);
			path = EasyCollections;
			sourceTree = "<group>";
		};
/* End PBXGroup section */

/* Begin PBXNativeTarget section */
		0CBE050F1F75CA7700AD11D7 /* EasyCollections */ = {
			isa = PBXNativeTarget;
			buildConfigurationList = 0CBE05191F75CA7700AD11D7 /* Build configuration list for PBXNativeTarget "EasyCollections" */;
			buildPhases = (
				0CBE050C1F75CA7700AD11D7 /* Sources */,
				0CBE050D1F75CA7700AD11D7 /* Frameworks */,
				0CBE050E1F75CA7700AD11D7 /* CopyFiles */,
			);
			buildRules = (
			);
			dependencies = (
			);
			name = EasyCollections;
			productName = EasyCollections;
			productReference = 0CBE05101F75CA7700AD11D7 /* libEasyCollections.a */;
			productType = "com.apple.product-type.library.static";
		};
/* End PBXNativeTarget section */

/* Begin PBXProject section */
		0CBE05081F75CA7700AD11D7 /* Project object */ = {
			isa = PBXProject;
			attributes = {
				LastUpgradeCheck = 0730;
				ORGANIZATIONNAME = "Shoaib Ahmed Qureshi";
				TargetAttributes = {
					0CBE050F1F75CA7700AD11D7 = {
						CreatedOnToolsVersion = 7.3;
					};
				};
			};
			buildConfigurationList = 0CBE050B1F75CA7700AD11D7 /* Build configuration list for PBXProject "EasyCollections" */;
			compatibilityVersion = "Xcode 3.2";
			developmentRegion = English;
			hasScannedForEncodings = 0;
			knownRegions = (
				en,
			);
			mainGroup = 0CBE05071F75CA7700AD11D7;
			productRefGroup = 0CBE05111F75CA7700AD11D7 /* Products */;
			projectDirPath = "";
			projectRoot = "";
			targets = (
				0CBE050F1F75CA7700AD11D7 /* EasyCollections */,
			);
		};
/* End PBXProject section */

/* Begin PBXSourcesBuildPhase section */
		0CBE050C1F75CA7700AD11D7 /* Sources */ = {
			isa = PBXSourcesBuildPhase;
			buildActionMask = 2147483647;
			files = (
				0CBE05161F75CA7700AD11D7 /* EasyCollections.m in Sources */,
			);
			runOnlyForDeploymentPostprocessing = 0;
		};
/* End PBXSourcesBuildPhase section */

/* Begin XCBuildConfiguration section */
		0CBE05171F75CA7700AD11D7 /* Debug */ = {
			isa = XCBuildConfiguration;
			buildSettings = {
				ALWAYS_SEARCH_USER_PATHS = NO;
				CLANG_ANALYZER_NONNULL = YES;
				CLANG_CXX_LANGUAGE_STANDARD = "gnu++0x";
				CLANG_CXX_LIBRARY = "libc++";
				CLANG_ENABLE_MODULES = YES;
				CLANG_ENABLE_OBJC_ARC = YES;
				CLANG_WARN_BOOL_CONVERSION = YES;
				CLANG_WARN_CONSTANT_CONVERSION = YES;
				CLANG_WARN_DIRECT_OBJC_ISA_USAGE = YES_ERROR;
				CLANG_WARN_EMPTY_BODY = YES;
				CLANG_WARN_ENUM_CONVERSION = YES;
				CLANG_WARN_INT_CONVERSION = YES;
				CLANG_WARN_OBJC_ROOT_CLASS = YES_ERROR;
				CLANG_WARN_UNREACHABLE_CODE = YES;
				CLANG_WARN__DUPLICATE_METHOD_MATCH = YES;
				"CODE_SIGN_IDENTITY[sdk=iphoneos*]" = "iPhone Developer";
				COPY_PHASE_STRIP = NO;
				DEBUG_INFORMATION_FORMAT = dwarf;
				ENABLE_STRICT_OBJC_MSGSEND = YES;
				ENABLE_TESTABILITY = YES;
				GCC_C_LANGUAGE_STANDARD = gnu99;
				GCC_DYNAMIC_NO_PIC = NO;
				GCC_NO_COMMON_BLOCKS = YES;
				GCC_OPTIMIZATION_LEVEL = 0;
				GCC_PREPROCESSOR_DEFINITIONS = (
					"DEBUG=1",
					"$(inherited)",
				);
				GCC_WARN_64_TO_32_BIT_CONVERSION = YES;
				GCC_WARN_ABOUT_RETURN_TYPE = YES_ERROR;
				GCC_WARN_UNDECLARED_SELECTOR = YES;
				GCC_WARN_UNINITIALIZED_AUTOS = YES_AGGRESSIVE;
				GCC_WARN_UNUSED_FUNCTION = YES;
				GCC_WARN_UNUSED_VARIABLE = YES;
				IPHONEOS_DEPLOYMENT_TARGET = 9.3;
				MTL_ENABLE_DEBUG_INFO = YES;
				ONLY_ACTIVE_ARCH = YES;
				SDKROOT = iphoneos;
			};
			name = Debug;
		};
		0CBE05181F75CA7700AD11D7 /* Release */ = {
			isa = XCBuildConfiguration;
			buildSettings = {
				ALWAYS_SEARCH_USER_PATHS = NO;
				CLANG_ANALYZER_NONNULL = YES;
				CLANG_CXX_LANGUAGE_STANDARD = "gnu++0x";
				CLANG_CXX_LIBRARY = "libc++";
				CLANG_ENABLE_MODULES = YES;
				CLANG_ENABLE_OBJC_ARC = YES;
				CLANG_WARN_BOOL_CONVERSION = YES;
				CLANG_WARN_CONSTANT_CONVERSION = YES;
				CLANG_WARN_DIRECT_OBJC_ISA_USAGE = YES_ERROR;
				CLANG_WARN_EMPTY_BODY = YES;
				CLANG_WARN_ENUM_CONVERSION = YES;
				CLANG_WARN_INT_CONVERSION = YES;
				CLANG_WARN_OBJC_ROOT_CLASS = YES_ERROR;
				CLANG_WARN_UNREACHABLE_CODE = YES;
				CLANG_WARN__DUPLICATE_METHOD_MATCH = YES;
				"CODE_SIGN_IDENTITY[sdk=iphoneos*]" = "iPhone Developer";
				COPY_PHASE_STRIP = NO;
				DEBUG_INFORMATION_FORMAT = "dwarf-with-dsym";
				ENABLE_NS_ASSERTIONS = NO;
				ENABLE_STRICT_OBJC_MSGSEND = YES;
				GCC_C_LANGUAGE_STANDARD = gnu99;
				GCC_NO_COMMON_BLOCKS = YES;
				GCC_WARN_64_TO_32_BIT_CONVERSION = YES;
				GCC_WARN_ABOUT_RETURN_TYPE = YES_ERROR;
				GCC_WARN_UNDECLARED_SELECTOR = YES;
				GCC_WARN_UNINITIALIZED_AUTOS = YES_AGGRESSIVE;
				GCC_WARN_UNUSED_FUNCTION = YES;
				GCC_WARN_UNUSED_VARIABLE = YES;
				IPHONEOS_DEPLOYMENT_TARGET = 9.3;
				MTL_ENABLE_DEBUG_INFO = NO;
				SDKROOT = iphoneos;
				VALIDATE_PRODUCT = YES;
			};
			name = Release;
		};
		0CBE051A1F75CA7700AD11D7 /* Debug */ = {
			isa = XCBuildConfiguration;
			buildSettings = {
				OTHER_LDFLAGS = "-ObjC";
				PRODUCT_NAME = "$(TARGET_NAME)";
				SKIP_INSTALL = YES;
			};
			name = Debug;
		};
		0CBE051B1F75CA7700AD11D7 /* Release */ = {
			isa = XCBuildConfiguration;
			buildSettings = {
				OTHER_LDFLAGS = "-ObjC";
				PRODUCT_NAME = "$(TARGET_NAME)";
				SKIP_INSTALL = YES;
			};
			name = Release;
		};
/* End XCBuildConfiguration section */

/* Begin XCConfigurationList section */
		0CBE050B1F75CA7700AD11D7 /* Build configuration list for PBXProject "EasyCollections" */ = {
			isa = XCConfigurationList;
			buildConfigurations = (
				0CBE05171F75CA7700AD11D7 /* Debug */,
				0CBE05181F75CA7700AD11D7 /* Release */,
			);
			defaultConfigurationIsVisible = 0;
			defaultConfigurationName = Release;
		};
		0CBE05191F75CA7700AD11D7 /* Build configuration list for PBXNativeTarget "EasyCollections" */ = {
			isa = XCConfigurationList;
			buildConfigurations = (
				0CBE051A1F75CA7700AD11D7 /* Debug */,
				0CBE051B1F75CA7700AD11D7 /* Release */,
			);
			defaultConfigurationIsVisible = 0;
		};
/* End XCConfigurationList section */
	};
	rootObject = 0CBE05081F75CA7700AD11D7 /* Project object */;
}
